// !$*UTF8*$!
{
	archiveVersion = 1;
	classes = {
	};
	objectVersion = 55;
	objects = {

/* Begin PBXBuildFile section */
		51C7DB3CE87E1CDFCA717227 /* Pods_RxDataSourceTest.framework in Frameworks */ = {isa = PBXBuildFile; fileRef = 7B6CC382FC7E16F989207E7D /* Pods_RxDataSourceTest.framework */; };
		C27D9E2E2A9EE0DF00D65A1F /* AppDelegate.swift in Sources */ = {isa = PBXBuildFile; fileRef = C27D9E2D2A9EE0DF00D65A1F /* AppDelegate.swift */; };
		C27D9E302A9EE0DF00D65A1F /* SceneDelegate.swift in Sources */ = {isa = PBXBuildFile; fileRef = C27D9E2F2A9EE0DF00D65A1F /* SceneDelegate.swift */; };
		C27D9E322A9EE0DF00D65A1F /* ViewController.swift in Sources */ = {isa = PBXBuildFile; fileRef = C27D9E312A9EE0DF00D65A1F /* ViewController.swift */; };
		C27D9E352A9EE0DF00D65A1F /* Main.storyboard in Resources */ = {isa = PBXBuildFile; fileRef = C27D9E332A9EE0DF00D65A1F /* Main.storyboard */; };
		C27D9E372A9EE0E300D65A1F /* Assets.xcassets in Resources */ = {isa = PBXBuildFile; fileRef = C27D9E362A9EE0E300D65A1F /* Assets.xcassets */; };
		C27D9E3A2A9EE0E300D65A1F /* LaunchScreen.storyboard in Resources */ = {isa = PBXBuildFile; fileRef = C27D9E382A9EE0E300D65A1F /* LaunchScreen.storyboard */; };
/* End PBXBuildFile section */

/* Begin PBXFileReference section */
		7B6CC382FC7E16F989207E7D /* Pods_RxDataSourceTest.framework */ = {isa = PBXFileReference; explicitFileType = wrapper.framework; includeInIndex = 0; path = Pods_RxDataSourceTest.framework; sourceTree = BUILT_PRODUCTS_DIR; };
		89EFFD503BC8317B43AE1F0A /* Pods-RxDataSourceTest.release.xcconfig */ = {isa = PBXFileReference; includeInIndex = 1; lastKnownFileType = text.xcconfig; name = "Pods-RxDataSourceTest.release.xcconfig"; path = "Target Support Files/Pods-RxDataSourceTest/Pods-RxDataSourceTest.release.xcconfig"; sourceTree = "<group>"; };
		C055CBAC855C28D1B6341B6C /* Pods-RxDataSourceTest.debug.xcconfig */ = {isa = PBXFileReference; includeInIndex = 1; lastKnownFileType = text.xcconfig; name = "Pods-RxDataSourceTest.debug.xcconfig"; path = "Target Support Files/Pods-RxDataSourceTest/Pods-RxDataSourceTest.debug.xcconfig"; sourceTree = "<group>"; };
		C27D9E2A2A9EE0DF00D65A1F /* RxDataSourceTest.app */ = {isa = PBXFileReference; explicitFileType = wrapper.application; includeInIndex = 0; path = RxDataSourceTest.app; sourceTree = BUILT_PRODUCTS_DIR; };
		C27D9E2D2A9EE0DF00D65A1F /* AppDelegate.swift */ = {isa = PBXFileReference; lastKnownFileType = sourcecode.swift; path = AppDelegate.swift; sourceTree = "<group>"; };
		C27D9E2F2A9EE0DF00D65A1F /* SceneDelegate.swift */ = {isa = PBXFileReference; lastKnownFileType = sourcecode.swift; path = SceneDelegate.swift; sourceTree = "<group>"; };
		C27D9E312A9EE0DF00D65A1F /* ViewController.swift */ = {isa = PBXFileReference; lastKnownFileType = sourcecode.swift; path = ViewController.swift; sourceTree = "<group>"; };
		C27D9E342A9EE0DF00D65A1F /* Base */ = {isa = PBXFileReference; lastKnownFileType = file.storyboard; name = Base; path = Base.lproj/Main.storyboard; sourceTree = "<group>"; };
		C27D9E362A9EE0E300D65A1F /* Assets.xcassets */ = {isa = PBXFileReference; lastKnownFileType = folder.assetcatalog; path = Assets.xcassets; sourceTree = "<group>"; };
		C27D9E392A9EE0E300D65A1F /* Base */ = {isa = PBXFileReference; lastKnownFileType = file.storyboard; name = Base; path = Base.lproj/LaunchScreen.storyboard; sourceTree = "<group>"; };
		C27D9E3B2A9EE0E300D65A1F /* Info.plist */ = {isa = PBXFileReference; lastKnownFileType = text.plist.xml; path = Info.plist; sourceTree = "<group>"; };
/* End PBXFileReference section */

/* Begin PBXFrameworksBuildPhase section */
		C27D9E272A9EE0DF00D65A1F /* Frameworks */ = {
			isa = PBXFrameworksBuildPhase;
			buildActionMask = 2147483647;
			files = (
				51C7DB3CE87E1CDFCA717227 /* Pods_RxDataSourceTest.framework in Frameworks */,
			);
			runOnlyForDeploymentPostprocessing = 0;
		};
/* End PBXFrameworksBuildPhase section */

/* Begin PBXGroup section */
		68764294D66D7C0937A306F5 /* Frameworks */ = {
			isa = PBXGroup;
			children = (
				7B6CC382FC7E16F989207E7D /* Pods_RxDataSourceTest.framework */,
			);
			name = Frameworks;
			sourceTree = "<group>";
		};
		80FDC3C8613840DBED52F647 /* Pods */ = {
			isa = PBXGroup;
			children = (
				C055CBAC855C28D1B6341B6C /* Pods-RxDataSourceTest.debug.xcconfig */,
				89EFFD503BC8317B43AE1F0A /* Pods-RxDataSourceTest.release.xcconfig */,
			);
			path = Pods;
			sourceTree = "<group>";
		};
		C27D9E212A9EE0DF00D65A1F = {
			isa = PBXGroup;
			children = (
				C27D9E2C2A9EE0DF00D65A1F /* RxDataSourceTest */,
				C27D9E2B2A9EE0DF00D65A1F /* Products */,
				80FDC3C8613840DBED52F647 /* Pods */,
				68764294D66D7C0937A306F5 /* Frameworks */,
			);
			sourceTree = "<group>";
		};
		C27D9E2B2A9EE0DF00D65A1F /* Products */ = {
			isa = PBXGroup;
			children = (
				C27D9E2A2A9EE0DF00D65A1F /* RxDataSourceTest.app */,
			);
			name = Products;
			sourceTree = "<group>";
		};
		C27D9E2C2A9EE0DF00D65A1F /* RxDataSourceTest */ = {
			isa = PBXGroup;
			children = (
				C27D9E2D2A9EE0DF00D65A1F /* AppDelegate.swift */,
				C27D9E2F2A9EE0DF00D65A1F /* SceneDelegate.swift */,
				C27D9E312A9EE0DF00D65A1F /* ViewController.swift */,
				C27D9E332A9EE0DF00D65A1F /* Main.storyboard */,
				C27D9E362A9EE0E300D65A1F /* Assets.xcassets */,
				C27D9E382A9EE0E300D65A1F /* LaunchScreen.storyboard */,
				C27D9E3B2A9EE0E300D65A1F /* Info.plist */,
			);
			path = RxDataSourceTest;
			sourceTree = "<group>";
		};
/* End PBXGroup section */

/* Begin PBXNativeTarget section */
		C27D9E292A9EE0DF00D65A1F /* RxDataSourceTest */ = {
			isa = PBXNativeTarget;
			buildConfigurationList = C27D9E3E2A9EE0E300D65A1F /* Build configuration list for PBXNativeTarget "RxDataSourceTest" */;
			buildPhases = (
				EA883AF264FA005D8A932457 /* [CP] Check Pods Manifest.lock */,
				C27D9E262A9EE0DF00D65A1F /* Sources */,
				C27D9E272A9EE0DF00D65A1F /* Frameworks */,
				C27D9E282A9EE0DF00D65A1F /* Resources */,
				8C11C3118D813DB885FE52AD /* [CP] Embed Pods Frameworks */,
			);
			buildRules = (
			);
			dependencies = (
			);
			name = RxDataSourceTest;
			productName = RxDataSourceTest;
			productReference = C27D9E2A2A9EE0DF00D65A1F /* RxDataSourceTest.app */;
			productType = "com.apple.product-type.application";
		};
/* End PBXNativeTarget section */

/* Begin PBXProject section */
		C27D9E222A9EE0DF00D65A1F /* Project object */ = {
			isa = PBXProject;
			attributes = {
				BuildIndependentTargetsInParallel = 1;
				LastSwiftUpdateCheck = 1420;
				LastUpgradeCheck = 1420;
				TargetAttributes = {
					C27D9E292A9EE0DF00D65A1F = {
						CreatedOnToolsVersion = 14.2;
					};
				};
			};
			buildConfigurationList = C27D9E252A9EE0DF00D65A1F /* Build configuration list for PBXProject "RxDataSourceTest" */;
			compatibilityVersion = "Xcode 13.0";
			developmentRegion = en;
			hasScannedForEncodings = 0;
			knownRegions = (
				en,
				Base,
			);
			mainGroup = C27D9E212A9EE0DF00D65A1F;
			productRefGroup = C27D9E2B2A9EE0DF00D65A1F /* Products */;
			projectDirPath = "";
			projectRoot = "";
			targets = (
				C27D9E292A9EE0DF00D65A1F /* RxDataSourceTest */,
			);
		};
/* End PBXProject section */

/* Begin PBXResourcesBuildPhase section */
		C27D9E282A9EE0DF00D65A1F /* Resources */ = {
			isa = PBXResourcesBuildPhase;
			buildActionMask = 2147483647;
			files = (
				C27D9E3A2A9EE0E300D65A1F /* LaunchScreen.storyboard in Resources */,
				C27D9E372A9EE0E300D65A1F /* Assets.xcassets in Resources */,
				C27D9E352A9EE0DF00D65A1F /* Main.storyboard in Resources */,
			);
			runOnlyForDeploymentPostprocessing = 0;
		};
/* End PBXResourcesBuildPhase section */

/* Begin PBXShellScriptBuildPhase section */
		8C11C3118D813DB885FE52AD /* [CP] Embed Pods Frameworks */ = {
			isa = PBXShellScriptBuildPhase;
			buildActionMask = 2147483647;
			files = (
			);
			inputFileListPaths = (
				"${PODS_ROOT}/Target Support Files/Pods-RxDataSourceTest/Pods-RxDataSourceTest-frameworks-${CONFIGURATION}-input-files.xcfilelist",
			);
			name = "[CP] Embed Pods Frameworks";
			outputFileListPaths = (
				"${PODS_ROOT}/Target Support Files/Pods-RxDataSourceTest/Pods-RxDataSourceTest-frameworks-${CONFIGURATION}-output-files.xcfilelist",
			);
			runOnlyForDeploymentPostprocessing = 0;
			shellPath = /bin/sh;
			shellScript = "\"${PODS_ROOT}/Target Support Files/Pods-RxDataSourceTest/Pods-RxDataSourceTest-frameworks.sh\"\n";
			showEnvVarsInLog = 0;
		};
		EA883AF264FA005D8A932457 /* [CP] Check Pods Manifest.lock */ = {
			isa = PBXShellScriptBuildPhase;
			buildActionMask = 2147483647;
			files = (
			);
			inputFileListPaths = (
			);
			inputPaths = (
				"${PODS_PODFILE_DIR_PATH}/Podfile.lock",
				"${PODS_ROOT}/Manifest.lock",
			);
			name = "[CP] Check Pods Manifest.lock";
			outputFileListPaths = (
			);
			outputPaths = (
				"$(DERIVED_FILE_DIR)/Pods-RxDataSourceTest-checkManifestLockResult.txt",
			);
			runOnlyForDeploymentPostprocessing = 0;
			shellPath = /bin/sh;
			shellScript = "diff \"${PODS_PODFILE_DIR_PATH}/Podfile.lock\" \"${PODS_ROOT}/Manifest.lock\" > /dev/null\nif [ $? != 0 ] ; then\n    # print error to STDERR\n    echo \"error: The sandbox is not in sync with the Podfile.lock. Run 'pod install' or update your CocoaPods installation.\" >&2\n    exit 1\nfi\n# This output is used by Xcode 'outputs' to avoid re-running this script phase.\necho \"SUCCESS\" > \"${SCRIPT_OUTPUT_FILE_0}\"\n";
			showEnvVarsInLog = 0;
		};
/* End PBXShellScriptBuildPhase section */

/* Begin PBXSourcesBuildPhase section */
		C27D9E262A9EE0DF00D65A1F /* Sources */ = {
			isa = PBXSourcesBuildPhase;
			buildActionMask = 2147483647;
			files = (
				C27D9E322A9EE0DF00D65A1F /* ViewController.swift in Sources */,
				C27D9E2E2A9EE0DF00D65A1F /* AppDelegate.swift in Sources */,
				C27D9E302A9EE0DF00D65A1F /* SceneDelegate.swift in Sources */,
			);
			runOnlyForDeploymentPostprocessing = 0;
		};
/* End PBXSourcesBuildPhase section */

/* Begin PBXVariantGroup section */
		C27D9E332A9EE0DF00D65A1F /* Main.storyboard */ = {
			isa = PBXVariantGroup;
			children = (
				C27D9E342A9EE0DF00D65A1F /* Base */,
			);
			name = Main.storyboard;
			sourceTree = "<group>";
		};
		C27D9E382A9EE0E300D65A1F /* LaunchScreen.storyboard */ = {
			isa = PBXVariantGroup;
			children = (
				C27D9E392A9EE0E300D65A1F /* Base */,
			);
			name = LaunchScreen.storyboard;
			sourceTree = "<group>";
		};
/* End PBXVariantGroup section */

/* Begin XCBuildConfiguration section */
		C27D9E3C2A9EE0E300D65A1F /* Debug */ = {
			isa = XCBuildConfiguration;
			buildSettings = {
				ALWAYS_SEARCH_USER_PATHS = NO;
				CLANG_ANALYZER_NONNULL = YES;
				CLANG_ANALYZER_NUMBER_OBJECT_CONVERSION = YES_AGGRESSIVE;
				CLANG_CXX_LANGUAGE_STANDARD = "gnu++20";
				CLANG_ENABLE_MODULES = YES;
				CLANG_ENABLE_OBJC_ARC = YES;
				CLANG_ENABLE_OBJC_WEAK = YES;
				CLANG_WARN_BLOCK_CAPTURE_AUTORELEASING = YES;
				CLANG_WARN_BOOL_CONVERSION = YES;
				CLANG_WARN_COMMA = YES;
				CLANG_WARN_CONSTANT_CONVERSION = YES;
				CLANG_WARN_DEPRECATED_OBJC_IMPLEMENTATIONS = YES;
				CLANG_WARN_DIRECT_OBJC_ISA_USAGE = YES_ERROR;
				CLANG_WARN_DOCUMENTATION_COMMENTS = YES;
				CLANG_WARN_EMPTY_BODY = YES;
				CLANG_WARN_ENUM_CONVERSION = YES;
				CLANG_WARN_INFINITE_RECURSION = YES;
				CLANG_WARN_INT_CONVERSION = YES;
				CLANG_WARN_NON_LITERAL_NULL_CONVERSION = YES;
				CLANG_WARN_OBJC_IMPLICIT_RETAIN_SELF = YES;
				CLANG_WARN_OBJC_LITERAL_CONVERSION = YES;
				CLANG_WARN_OBJC_ROOT_CLASS = YES_ERROR;
				CLANG_WARN_QUOTED_INCLUDE_IN_FRAMEWORK_HEADER = YES;
				CLANG_WARN_RANGE_LOOP_ANALYSIS = YES;
				CLANG_WARN_STRICT_PROTOTYPES = YES;
				CLANG_WARN_SUSPICIOUS_MOVE = YES;
				CLANG_WARN_UNGUARDED_AVAILABILITY = YES_AGGRESSIVE;
				CLANG_WARN_UNREACHABLE_CODE = YES;
				CLANG_WARN__DUPLICATE_METHOD_MATCH = YES;
				COPY_PHASE_STRIP = NO;
				DEBUG_INFORMATION_FORMAT = dwarf;
				ENABLE_STRICT_OBJC_MSGSEND = YES;
				ENABLE_TESTABILITY = YES;
				GCC_C_LANGUAGE_STANDARD = gnu11;
				GCC_DYNAMIC_NO_PIC = NO;
				GCC_NO_COMMON_BLOCKS = YES;
				GCC_OPTIMIZATION_LEVEL = 0;
				GCC_PREPROCESSOR_DEFINITIONS = (
					"DEBUG=1",
					"$(inherited)",
				);
				GCC_WARN_64_TO_32_BIT_CONVERSION = YES;
				GCC_WARN_ABOUT_RETURN_TYPE = YES_ERROR;
				GCC_WARN_UNDECLARED_SELECTOR = YES;
				GCC_WARN_UNINITIALIZED_AUTOS = YES_AGGRESSIVE;
				GCC_WARN_UNUSED_FUNCTION = YES;
				GCC_WARN_UNUSED_VARIABLE = YES;
				IPHONEOS_DEPLOYMENT_TARGET = 16.2;
				MTL_ENABLE_DEBUG_INFO = INCLUDE_SOURCE;
				MTL_FAST_MATH = YES;
				ONLY_ACTIVE_ARCH = YES;
				SDKROOT = iphoneos;
				SWIFT_ACTIVE_COMPILATION_CONDITIONS = DEBUG;
				SWIFT_OPTIMIZATION_LEVEL = "-Onone";
			};
			name = Debug;
		};
		C27D9E3D2A9EE0E300D65A1F /* Release */ = {
			isa = XCBuildConfiguration;
			buildSettings = {
				ALWAYS_SEARCH_USER_PATHS = NO;
				CLANG_ANALYZER_NONNULL = YES;
				CLANG_ANALYZER_NUMBER_OBJECT_CONVERSION = YES_AGGRESSIVE;
				CLANG_CXX_LANGUAGE_STANDARD = "gnu++20";
				CLANG_ENABLE_MODULES = YES;
				CLANG_ENABLE_OBJC_ARC = YES;
				CLANG_ENABLE_OBJC_WEAK = YES;
				CLANG_WARN_BLOCK_CAPTURE_AUTORELEASING = YES;
				CLANG_WARN_BOOL_CONVERSION = YES;
				CLANG_WARN_COMMA = YES;
				CLANG_WARN_CONSTANT_CONVERSION = YES;
				CLANG_WARN_DEPRECATED_OBJC_IMPLEMENTATIONS = YES;
				CLANG_WARN_DIRECT_OBJC_ISA_USAGE = YES_ERROR;
				CLANG_WARN_DOCUMENTATION_COMMENTS = YES;
				CLANG_WARN_EMPTY_BODY = YES;
				CLANG_WARN_ENUM_CONVERSION = YES;
				CLANG_WARN_INFINITE_RECURSION = YES;
				CLANG_WARN_INT_CONVERSION = YES;
				CLANG_WARN_NON_LITERAL_NULL_CONVERSION = YES;
				CLANG_WARN_OBJC_IMPLICIT_RETAIN_SELF = YES;
				CLANG_WARN_OBJC_LITERAL_CONVERSION = YES;
				CLANG_WARN_OBJC_ROOT_CLASS = YES_ERROR;
				CLANG_WARN_QUOTED_INCLUDE_IN_FRAMEWORK_HEADER = YES;
				CLANG_WARN_RANGE_LOOP_ANALYSIS = YES;
				CLANG_WARN_STRICT_PROTOTYPES = YES;
				CLANG_WARN_SUSPICIOUS_MOVE = YES;
				CLANG_WARN_UNGUARDED_AVAILABILITY = YES_AGGRESSIVE;
				CLANG_WARN_UNREACHABLE_CODE = YES;
				CLANG_WARN__DUPLICATE_METHOD_MATCH = YES;
				COPY_PHASE_STRIP = NO;
				DEBUG_INFORMATION_FORMAT = "dwarf-with-dsym";
				ENABLE_NS_ASSERTIONS = NO;
				ENABLE_STRICT_OBJC_MSGSEND = YES;
				GCC_C_LANGUAGE_STANDARD = gnu11;
				GCC_NO_COMMON_BLOCKS = YES;
				GCC_WARN_64_TO_32_BIT_CONVERSION = YES;
				GCC_WARN_ABOUT_RETURN_TYPE = YES_ERROR;
				GCC_WARN_UNDECLARED_SELECTOR = YES;
				GCC_WARN_UNINITIALIZED_AUTOS = YES_AGGRESSIVE;
				GCC_WARN_UNUSED_FUNCTION = YES;
				GCC_WARN_UNUSED_VARIABLE = YES;
				IPHONEOS_DEPLOYMENT_TARGET = 16.2;
				MTL_ENABLE_DEBUG_INFO = NO;
				MTL_FAST_MATH = YES;
				SDKROOT = iphoneos;
				SWIFT_COMPILATION_MODE = wholemodule;
				SWIFT_OPTIMIZATION_LEVEL = "-O";
				VALIDATE_PRODUCT = YES;
			};
			name = Release;
		};
		C27D9E3F2A9EE0E300D65A1F /* Debug */ = {
			isa = XCBuildConfiguration;
			baseConfigurationReference = C055CBAC855C28D1B6341B6C /* Pods-RxDataSourceTest.debug.xcconfig */;
			buildSettings = {
				ASSETCATALOG_COMPILER_APPICON_NAME = AppIcon;
				ASSETCATALOG_COMPILER_GLOBAL_ACCENT_COLOR_NAME = AccentColor;
				CODE_SIGN_STYLE = Automatic;
				CURRENT_PROJECT_VERSION = 1;
				DEVELOPMENT_TEAM = PTUCTZC4VF;
				GENERATE_INFOPLIST_FILE = YES;
				INFOPLIST_FILE = RxDataSourceTest/Info.plist;
				INFOPLIST_KEY_UIApplicationSupportsIndirectInputEvents = YES;
				INFOPLIST_KEY_UILaunchStoryboardName = LaunchScreen;
				INFOPLIST_KEY_UIMainStoryboardFile = Main;
				INFOPLIST_KEY_UISupportedInterfaceOrientations_iPad = "UIInterfaceOrientationPortrait UIInterfaceOrientationPortraitUpsideDown UIInterfaceOrientationLandscapeLeft UIInterfaceOrientationLandscapeRight";
				INFOPLIST_KEY_UISupportedInterfaceOrientations_iPhone = "UIInterfaceOrientationPortrait UIInterfaceOrientationLandscapeLeft UIInterfaceOrientationLandscapeRight";
				IPHONEOS_DEPLOYMENT_TARGET = 13.0;
				LD_RUNPATH_SEARCH_PATHS = (
					"$(inherited)",
					"@executable_path/Frameworks",
				);
				MARKETING_VERSION = 1.0;
				PRODUCT_BUNDLE_IDENTIFIER = com.myl.RxDataSourceTest;
				PRODUCT_NAME = "$(TARGET_NAME)";
				SWIFT_EMIT_LOC_STRINGS = YES;
				SWIFT_VERSION = 5.0;
				TARGETED_DEVICE_FAMILY = "1,2";
			};
			name = Debug;
		};
		C27D9E402A9EE0E300D65A1F /* Release */ = {
			isa = XCBuildConfiguration;
			baseConfigurationReference = 89EFFD503BC8317B43AE1F0A /* Pods-RxDataSourceTest.release.xcconfig */;
			buildSettings = {
				ASSETCATALOG_COMPILER_APPICON_NAME = AppIcon;
				ASSETCATALOG_COMPILER_GLOBAL_ACCENT_COLOR_NAME = AccentColor;
				CODE_SIGN_STYLE = Automatic;
				CURRENT_PROJECT_VERSION = 1;
				DEVELOPMENT_TEAM = PTUCTZC4VF;
				GENERATE_INFOPLIST_FILE = YES;
				INFOPLIST_FILE = RxDataSourceTest/Info.plist;
				INFOPLIST_KEY_UIApplicationSupportsIndirectInputEvents = YES;
				INFOPLIST_KEY_UILaunchStoryboardName = LaunchScreen;
				INFOPLIST_KEY_UIMainStoryboardFile = Main;
				INFOPLIST_KEY_UISupportedInterfaceOrientations_iPad = "UIInterfaceOrientationPortrait UIInterfaceOrientationPortraitUpsideDown UIInterfaceOrientationLandscapeLeft UIInterfaceOrientationLandscapeRight";
				INFOPLIST_KEY_UISupportedInterfaceOrientations_iPhone = "UIInterfaceOrientationPortrait UIInterfaceOrientationLandscapeLeft UIInterfaceOrientationLandscapeRight";
				IPHONEOS_DEPLOYMENT_TARGET = 13.0;
				LD_RUNPATH_SEARCH_PATHS = (
					"$(inherited)",
					"@executable_path/Frameworks",
				);
				MARKETING_VERSION = 1.0;
				PRODUCT_BUNDLE_IDENTIFIER = com.myl.RxDataSourceTest;
				PRODUCT_NAME = "$(TARGET_NAME)";
				SWIFT_EMIT_LOC_STRINGS = YES;
				SWIFT_VERSION = 5.0;
				TARGETED_DEVICE_FAMILY = "1,2";
			};
			name = Release;
		};
/* End XCBuildConfiguration section */

/* Begin XCConfigurationList section */
		C27D9E252A9EE0DF00D65A1F /* Build configuration list for PBXProject "RxDataSourceTest" */ = {
			isa = XCConfigurationList;
			buildConfigurations = (
				C27D9E3C2A9EE0E300D65A1F /* Debug */,
				C27D9E3D2A9EE0E300D65A1F /* Release */,
			);
			defaultConfigurationIsVisible = 0;
			defaultConfigurationName = Release;
		};
		C27D9E3E2A9EE0E300D65A1F /* Build configuration list for PBXNativeTarget "RxDataSourceTest" */ = {
			isa = XCConfigurationList;
			buildConfigurations = (
				C27D9E3F2A9EE0E300D65A1F /* Debug */,
				C27D9E402A9EE0E300D65A1F /* Release */,
			);
			defaultConfigurationIsVisible = 0;
			defaultConfigurationName = Release;
		};
/* End XCConfigurationList section */
	};
	rootObject = C27D9E222A9EE0DF00D65A1F /* Project object */;
}
